
Microsoft Visual Studio Solution File, Format Version 12.00
# Visual Studio Version 17
VisualStudioVersion = 17.9.34728.123
MinimumVisualStudioVersion = 10.0.40219.1
Project("{FAE04EC0-301F-11D3-BF4B-00C04F79EFBC}") = "DZ_21.04.2024_2", "DZ_21.04.2024_2\DZ_21.04.2024_2.csproj", "{5AE4CCCA-67A2-425F-9B02-E2B47EFC94EF}"
EndProject
Global
	GlobalSection(SolutionConfigurationPlatforms) = preSolution
		Debug|Any CPU = Debug|Any CPU
		Release|Any CPU = Release|Any CPU
	EndGlobalSection
	GlobalSection(ProjectConfigurationPlatforms) = postSolution
		{5AE4CCCA-67A2-425F-9B02-E2B47EFC94EF}.Debug|Any CPU.ActiveCfg = Debug|Any CPU
		{5AE4CCCA-67A2-425F-9B02-E2B47EFC94EF}.Debug|Any CPU.Build.0 = Debug|Any CPU
		{5AE4CCCA-67A2-425F-9B02-E2B47EFC94EF}.Release|Any CPU.ActiveCfg = Release|Any CPU
		{5AE4CCCA-67A2-425F-9B02-E2B47EFC94EF}.Release|Any CPU.Build.0 = Release|Any CPU
	EndGlobalSection
	GlobalSection(SolutionProperties) = preSolution
		HideSolutionNode = FALSE
	EndGlobalSection
	GlobalSection(ExtensibilityGlobals) = postSolution
		SolutionGuid = {A0145B77-0CE1-470C-98DC-B1A57AF09EC6}
	EndGlobalSection
EndGlobal
